
Microsoft Visual Studio Solution File, Format Version 12.00
# Visual Studio Version 18
VisualStudioVersion = 18.1.11312.151
MinimumVisualStudioVersion = 10.0.40219.1
Project("{FAE04EC0-301F-11D3-BF4B-00C04F79EFBC}") = "Domain", "Domain\Domain.csproj", "{001CE1B8-DCB2-45D7-9AD3-AB1D9730B552}"
EndProject
Project("{FAE04EC0-301F-11D3-BF4B-00C04F79EFBC}") = "Application", "Application\Application.csproj", "{8D7E30BD-D859-4914-91E2-251AE3F58425}"
EndProject
Project("{FAE04EC0-301F-11D3-BF4B-00C04F79EFBC}") = "Infrastructure", "Infrastructure\Infrastructure.csproj", "{2C1DF1DC-0DE2-47B6-9309-29FBAEBCFE8F}"
EndProject
Project("{FAE04EC0-301F-11D3-BF4B-00C04F79EFBC}") = "Api", "Api\Api.csproj", "{697D6D64-640A-4B6B-AD5F-1DA1CA5CA310}"
EndProject
Project("{FAE04EC0-301F-11D3-BF4B-00C04F79EFBC}") = "Common", "Common\Common.csproj", "{DA87A550-858F-4BDA-867F-DA7FEC17F063}"
EndProject
Project("{FAE04EC0-301F-11D3-BF4B-00C04F79EFBC}") = "Domain.Tests", "Domain.Tests\Domain.Tests.csproj", "{F6AD6851-CC5C-4822-B440-FD607D225F7C}"
EndProject
Project("{FAE04EC0-301F-11D3-BF4B-00C04F79EFBC}") = "Application.Tests", "Application.Tests\Application.Tests.csproj", "{E1630123-C4FB-4D80-9A3E-D51CC9A71678}"
EndProject
Project("{FAE04EC0-301F-11D3-BF4B-00C04F79EFBC}") = "Api.Tests", "Api.Tests\Api.Tests.csproj", "{5D7DC243-4A25-48D4-9A5C-98531A9F434D}"
EndProject
Project("{FAE04EC0-301F-11D3-BF4B-00C04F79EFBC}") = "Infrastructure.Tests", "Infrastructure.Tests\Infrastructure.Tests.csproj", "{A1177BC3-28A6-416F-AE35-7C83389F0F39}"
EndProject
Global
	GlobalSection(SolutionConfigurationPlatforms) = preSolution
		Debug|Any CPU = Debug|Any CPU
		Debug|x64 = Debug|x64
		Debug|x86 = Debug|x86
		Release|Any CPU = Release|Any CPU
		Release|x64 = Release|x64
		Release|x86 = Release|x86
	EndGlobalSection
	GlobalSection(ProjectConfigurationPlatforms) = postSolution
		{001CE1B8-DCB2-45D7-9AD3-AB1D9730B552}.Debug|Any CPU.ActiveCfg = Debug|Any CPU
		{001CE1B8-DCB2-45D7-9AD3-AB1D9730B552}.Debug|Any CPU.Build.0 = Debug|Any CPU
		{001CE1B8-DCB2-45D7-9AD3-AB1D9730B552}.Debug|x64.ActiveCfg = Debug|Any CPU
		{001CE1B8-DCB2-45D7-9AD3-AB1D9730B552}.Debug|x64.Build.0 = Debug|Any CPU
		{001CE1B8-DCB2-45D7-9AD3-AB1D9730B552}.Debug|x86.ActiveCfg = Debug|Any CPU
		{001CE1B8-DCB2-45D7-9AD3-AB1D9730B552}.Debug|x86.Build.0 = Debug|Any CPU
		{001CE1B8-DCB2-45D7-9AD3-AB1D9730B552}.Release|Any CPU.ActiveCfg = Release|Any CPU
		{001CE1B8-DCB2-45D7-9AD3-AB1D9730B552}.Release|Any CPU.Build.0 = Release|Any CPU
		{001CE1B8-DCB2-45D7-9AD3-AB1D9730B552}.Release|x64.ActiveCfg = Release|Any CPU
		{001CE1B8-DCB2-45D7-9AD3-AB1D9730B552}.Release|x64.Build.0 = Release|Any CPU
		{001CE1B8-DCB2-45D7-9AD3-AB1D9730B552}.Release|x86.ActiveCfg = Release|Any CPU
		{001CE1B8-DCB2-45D7-9AD3-AB1D9730B552}.Release|x86.Build.0 = Release|Any CPU
		{8D7E30BD-D859-4914-91E2-251AE3F58425}.Debug|Any CPU.ActiveCfg = Debug|Any CPU
		{8D7E30BD-D859-4914-91E2-251AE3F58425}.Debug|Any CPU.Build.0 = Debug|Any CPU
		{8D7E30BD-D859-4914-91E2-251AE3F58425}.Debug|x64.ActiveCfg = Debug|Any CPU
		{8D7E30BD-D859-4914-91E2-251AE3F58425}.Debug|x64.Build.0 = Debug|Any CPU
		{8D7E30BD-D859-4914-91E2-251AE3F58425}.Debug|x86.ActiveCfg = Debug|Any CPU
		{8D7E30BD-D859-4914-91E2-251AE3F58425}.Debug|x86.Build.0 = Debug|Any CPU
		{8D7E30BD-D859-4914-91E2-251AE3F58425}.Release|Any CPU.ActiveCfg = Release|Any CPU
		{8D7E30BD-D859-4914-91E2-251AE3F58425}.Release|Any CPU.Build.0 = Release|Any CPU
		{8D7E30BD-D859-4914-91E2-251AE3F58425}.Release|x64.ActiveCfg = Release|Any CPU
		{8D7E30BD-D859-4914-91E2-251AE3F58425}.Release|x64.Build.0 = Release|Any CPU
		{8D7E30BD-D859-4914-91E2-251AE3F58425}.Release|x86.ActiveCfg = Release|Any CPU
		{8D7E30BD-D859-4914-91E2-251AE3F58425}.Release|x86.Build.0 = Release|Any CPU
		{2C1DF1DC-0DE2-47B6-9309-29FBAEBCFE8F}.Debug|Any CPU.ActiveCfg = Debug|Any CPU
		{2C1DF1DC-0DE2-47B6-9309-29FBAEBCFE8F}.Debug|Any CPU.Build.0 = Debug|Any CPU
		{2C1DF1DC-0DE2-47B6-9309-29FBAEBCFE8F}.Debug|x64.ActiveCfg = Debug|Any CPU
		{2C1DF1DC-0DE2-47B6-9309-29FBAEBCFE8F}.Debug|x64.Build.0 = Debug|Any CPU
		{2C1DF1DC-0DE2-47B6-9309-29FBAEBCFE8F}.Debug|x86.ActiveCfg = Debug|Any CPU
		{2C1DF1DC-0DE2-47B6-9309-29FBAEBCFE8F}.Debug|x86.Build.0 = Debug|Any CPU
		{2C1DF1DC-0DE2-47B6-9309-29FBAEBCFE8F}.Release|Any CPU.ActiveCfg = Release|Any CPU
		{2C1DF1DC-0DE2-47B6-9309-29FBAEBCFE8F}.Release|Any CPU.Build.0 = Release|Any CPU
		{2C1DF1DC-0DE2-47B6-9309-29FBAEBCFE8F}.Release|x64.ActiveCfg = Release|Any CPU
		{2C1DF1DC-0DE2-47B6-9309-29FBAEBCFE8F}.Release|x64.Build.0 = Release|Any CPU
		{2C1DF1DC-0DE2-47B6-9309-29FBAEBCFE8F}.Release|x86.ActiveCfg = Release|Any CPU
		{2C1DF1DC-0DE2-47B6-9309-29FBAEBCFE8F}.Release|x86.Build.0 = Release|Any CPU
		{697D6D64-640A-4B6B-AD5F-1DA1CA5CA310}.Debug|Any CPU.ActiveCfg = Debug|Any CPU
		{697D6D64-640A-4B6B-AD5F-1DA1CA5CA310}.Debug|Any CPU.Build.0 = Debug|Any CPU
		{697D6D64-640A-4B6B-AD5F-1DA1CA5CA310}.Debug|x64.ActiveCfg = Debug|Any CPU
		{697D6D64-640A-4B6B-AD5F-1DA1CA5CA310}.Debug|x64.Build.0 = Debug|Any CPU
		{697D6D64-640A-4B6B-AD5F-1DA1CA5CA310}.Debug|x86.ActiveCfg = Debug|Any CPU
		{697D6D64-640A-4B6B-AD5F-1DA1CA5CA310}.Debug|x86.Build.0 = Debug|Any CPU
		{697D6D64-640A-4B6B-AD5F-1DA1CA5CA310}.Release|Any CPU.ActiveCfg = Release|Any CPU
		{697D6D64-640A-4B6B-AD5F-1DA1CA5CA310}.Release|Any CPU.Build.0 = Release|Any CPU
		{697D6D64-640A-4B6B-AD5F-1DA1CA5CA310}.Release|x64.ActiveCfg = Release|Any CPU
		{697D6D64-640A-4B6B-AD5F-1DA1CA5CA310}.Release|x64.Build.0 = Release|Any CPU
		{697D6D64-640A-4B6B-AD5F-1DA1CA5CA310}.Release|x86.ActiveCfg = Release|Any CPU
		{697D6D64-640A-4B6B-AD5F-1DA1CA5CA310}.Release|x86.Build.0 = Release|Any CPU
		{DA87A550-858F-4BDA-867F-DA7FEC17F063}.Debug|Any CPU.ActiveCfg = Debug|Any CPU
		{DA87A550-858F-4BDA-867F-DA7FEC17F063}.Debug|Any CPU.Build.0 = Debug|Any CPU
		{DA87A550-858F-4BDA-867F-DA7FEC17F063}.Debug|x64.ActiveCfg = Debug|Any CPU
		{DA87A550-858F-4BDA-867F-DA7FEC17F063}.Debug|x64.Build.0 = Debug|Any CPU
		{DA87A550-858F-4BDA-867F-DA7FEC17F063}.Debug|x86.ActiveCfg = Debug|Any CPU
		{DA87A550-858F-4BDA-867F-DA7FEC17F063}.Debug|x86.Build.0 = Debug|Any CPU
		{DA87A550-858F-4BDA-867F-DA7FEC17F063}.Release|Any CPU.ActiveCfg = Release|Any CPU
		{DA87A550-858F-4BDA-867F-DA7FEC17F063}.Release|Any CPU.Build.0 = Release|Any CPU
		{DA87A550-858F-4BDA-867F-DA7FEC17F063}.Release|x64.ActiveCfg = Release|Any CPU
		{DA87A550-858F-4BDA-867F-DA7FEC17F063}.Release|x64.Build.0 = Release|Any CPU
		{DA87A550-858F-4BDA-867F-DA7FEC17F063}.Release|x86.ActiveCfg = Release|Any CPU
		{DA87A550-858F-4BDA-867F-DA7FEC17F063}.Release|x86.Build.0 = Release|Any CPU
		{F6AD6851-CC5C-4822-B440-FD607D225F7C}.Debug|Any CPU.ActiveCfg = Debug|Any CPU
		{F6AD6851-CC5C-4822-B440-FD607D225F7C}.Debug|Any CPU.Build.0 = Debug|Any CPU
		{F6AD6851-CC5C-4822-B440-FD607D225F7C}.Debug|x64.ActiveCfg = Debug|Any CPU
		{F6AD6851-CC5C-4822-B440-FD607D225F7C}.Debug|x64.Build.0 = Debug|Any CPU
		{F6AD6851-CC5C-4822-B440-FD607D225F7C}.Debug|x86.ActiveCfg = Debug|Any CPU
		{F6AD6851-CC5C-4822-B440-FD607D225F7C}.Debug|x86.Build.0 = Debug|Any CPU
		{F6AD6851-CC5C-4822-B440-FD607D225F7C}.Release|Any CPU.ActiveCfg = Release|Any CPU
		{F6AD6851-CC5C-4822-B440-FD607D225F7C}.Release|Any CPU.Build.0 = Release|Any CPU
		{F6AD6851-CC5C-4822-B440-FD607D225F7C}.Release|x64.ActiveCfg = Release|Any CPU
		{F6AD6851-CC5C-4822-B440-FD607D225F7C}.Release|x64.Build.0 = Release|Any CPU
		{F6AD6851-CC5C-4822-B440-FD607D225F7C}.Release|x86.ActiveCfg = Release|Any CPU
		{F6AD6851-CC5C-4822-B440-FD607D225F7C}.Release|x86.Build.0 = Release|Any CPU
		{E1630123-C4FB-4D80-9A3E-D51CC9A71678}.Debug|Any CPU.ActiveCfg = Debug|Any CPU
		{E1630123-C4FB-4D80-9A3E-D51CC9A71678}.Debug|Any CPU.Build.0 = Debug|Any CPU
		{E1630123-C4FB-4D80-9A3E-D51CC9A71678}.Debug|x64.ActiveCfg = Debug|Any CPU
		{E1630123-C4FB-4D80-9A3E-D51CC9A71678}.Debug|x64.Build.0 = Debug|Any CPU
		{E1630123-C4FB-4D80-9A3E-D51CC9A71678}.Debug|x86.ActiveCfg = Debug|Any CPU
		{E1630123-C4FB-4D80-9A3E-D51CC9A71678}.Debug|x86.Build.0 = Debug|Any CPU
		{E1630123-C4FB-4D80-9A3E-D51CC9A71678}.Release|Any CPU.ActiveCfg = Release|Any CPU
		{E1630123-C4FB-4D80-9A3E-D51CC9A71678}.Release|Any CPU.Build.0 = Release|Any CPU
		{E1630123-C4FB-4D80-9A3E-D51CC9A71678}.Release|x64.ActiveCfg = Release|Any CPU
		{E1630123-C4FB-4D80-9A3E-D51CC9A71678}.Release|x64.Build.0 = Release|Any CPU
		{E1630123-C4FB-4D80-9A3E-D51CC9A71678}.Release|x86.ActiveCfg = Release|Any CPU
		{E1630123-C4FB-4D80-9A3E-D51CC9A71678}.Release|x86.Build.0 = Release|Any CPU
		{5D7DC243-4A25-48D4-9A5C-98531A9F434D}.Debug|Any CPU.ActiveCfg = Debug|Any CPU
		{5D7DC243-4A25-48D4-9A5C-98531A9F434D}.Debug|Any CPU.Build.0 = Debug|Any CPU
		{5D7DC243-4A25-48D4-9A5C-98531A9F434D}.Debug|x64.ActiveCfg = Debug|Any CPU
		{5D7DC243-4A25-48D4-9A5C-98531A9F434D}.Debug|x64.Build.0 = Debug|Any CPU
		{5D7DC243-4A25-48D4-9A5C-98531A9F434D}.Debug|x86.ActiveCfg = Debug|Any CPU
		{5D7DC243-4A25-48D4-9A5C-98531A9F434D}.Debug|x86.Build.0 = Debug|Any CPU
		{5D7DC243-4A25-48D4-9A5C-98531A9F434D}.Release|Any CPU.ActiveCfg = Release|Any CPU
		{5D7DC243-4A25-48D4-9A5C-98531A9F434D}.Release|Any CPU.Build.0 = Release|Any CPU
		{5D7DC243-4A25-48D4-9A5C-98531A9F434D}.Release|x64.ActiveCfg = Release|Any CPU
		{5D7DC243-4A25-48D4-9A5C-98531A9F434D}.Release|x64.Build.0 = Release|Any CPU
		{5D7DC243-4A25-48D4-9A5C-98531A9F434D}.Release|x86.ActiveCfg = Release|Any CPU
		{5D7DC243-4A25-48D4-9A5C-98531A9F434D}.Release|x86.Build.0 = Release|Any CPU
		{A1177BC3-28A6-416F-AE35-7C83389F0F39}.Debug|Any CPU.ActiveCfg = Debug|Any CPU
		{A1177BC3-28A6-416F-AE35-7C83389F0F39}.Debug|Any CPU.Build.0 = Debug|Any CPU
		{A1177BC3-28A6-416F-AE35-7C83389F0F39}.Debug|x64.ActiveCfg = Debug|Any CPU
		{A1177BC3-28A6-416F-AE35-7C83389F0F39}.Debug|x64.Build.0 = Debug|Any CPU
		{A1177BC3-28A6-416F-AE35-7C83389F0F39}.Debug|x86.ActiveCfg = Debug|Any CPU
		{A1177BC3-28A6-416F-AE35-7C83389F0F39}.Debug|x86.Build.0 = Debug|Any CPU
		{A1177BC3-28A6-416F-AE35-7C83389F0F39}.Release|Any CPU.ActiveCfg = Release|Any CPU
		{A1177BC3-28A6-416F-AE35-7C83389F0F39}.Release|Any CPU.Build.0 = Release|Any CPU
		{A1177BC3-28A6-416F-AE35-7C83389F0F39}.Release|x64.ActiveCfg = Release|Any CPU
		{A1177BC3-28A6-416F-AE35-7C83389F0F39}.Release|x64.Build.0 = Release|Any CPU
		{A1177BC3-28A6-416F-AE35-7C83389F0F39}.Release|x86.ActiveCfg = Release|Any CPU
		{A1177BC3-28A6-416F-AE35-7C83389F0F39}.Release|x86.Build.0 = Release|Any CPU
	EndGlobalSection
	GlobalSection(SolutionProperties) = preSolution
		HideSolutionNode = FALSE
	EndGlobalSection
	GlobalSection(ExtensibilityGlobals) = postSolution
		SolutionGuid = {6AF04E70-53FA-4203-99B0-C2FD03050647}
	EndGlobalSection
EndGlobal
